
Microsoft Visual Studio Solution File, Format Version 10.00
# Visual Studio 2008
Project("{FAE04EC0-301F-11D3-BF4B-00C04F79EFBC}") = "Scanner", "Scanner\Scanner.csproj", "{9DB64A4D-5B87-4F32-B672-07A1FF214BFC}"
EndProject
Project("{FAE04EC0-301F-11D3-BF4B-00C04F79EFBC}") = "BL", "BL\BL.csproj", "{2AEA5CFB-F13F-4C94-BB1E-736BC47DE1C0}"
EndProject
Project("{B900F1C2-3D47-4FEC-85B3-04AAF18C3634}") = "Setup", "Setup\Setup.vddproj", "{CE2D3D61-4F63-4958-BD04-22D182AD44D5}"
EndProject
Global
	GlobalSection(SolutionConfigurationPlatforms) = preSolution
		Debug|Any CPU = Debug|Any CPU
		Release|Any CPU = Release|Any CPU
	EndGlobalSection
	GlobalSection(ProjectConfigurationPlatforms) = postSolution
		{9DB64A4D-5B87-4F32-B672-07A1FF214BFC}.Debug|Any CPU.ActiveCfg = Debug|Any CPU
		{9DB64A4D-5B87-4F32-B672-07A1FF214BFC}.Debug|Any CPU.Build.0 = Debug|Any CPU
		{9DB64A4D-5B87-4F32-B672-07A1FF214BFC}.Debug|Any CPU.Deploy.0 = Debug|Any CPU
		{9DB64A4D-5B87-4F32-B672-07A1FF214BFC}.Release|Any CPU.ActiveCfg = Release|Any CPU
		{9DB64A4D-5B87-4F32-B672-07A1FF214BFC}.Release|Any CPU.Build.0 = Release|Any CPU
		{9DB64A4D-5B87-4F32-B672-07A1FF214BFC}.Release|Any CPU.Deploy.0 = Release|Any CPU
		{2AEA5CFB-F13F-4C94-BB1E-736BC47DE1C0}.Debug|Any CPU.ActiveCfg = Debug|Any CPU
		{2AEA5CFB-F13F-4C94-BB1E-736BC47DE1C0}.Debug|Any CPU.Build.0 = Debug|Any CPU
		{2AEA5CFB-F13F-4C94-BB1E-736BC47DE1C0}.Release|Any CPU.ActiveCfg = Release|Any CPU
		{2AEA5CFB-F13F-4C94-BB1E-736BC47DE1C0}.Release|Any CPU.Build.0 = Release|Any CPU
		{CE2D3D61-4F63-4958-BD04-22D182AD44D5}.Debug|Any CPU.ActiveCfg = Debug
		{CE2D3D61-4F63-4958-BD04-22D182AD44D5}.Release|Any CPU.ActiveCfg = Release
	EndGlobalSection
	GlobalSection(SolutionProperties) = preSolution
		HideSolutionNode = FALSE
	EndGlobalSection
EndGlobal
